
Microsoft Visual Studio Solution File, Format Version 12.00
# Visual Studio Version 16
VisualStudioVersion = 16.0.32510.428
MinimumVisualStudioVersion = 10.0.40219.1
Project("{FAE04EC0-301F-11D3-BF4B-00C04F79EFBC}") = "QLTA", "QLTA\QLTA.csproj", "{680AFE11-712A-4C75-B38E-DD06388EFCB5}"
EndProject
Global
	GlobalSection(SolutionConfigurationPlatforms) = preSolution
		Debug|Any CPU = Debug|Any CPU
		Release|Any CPU = Release|Any CPU
	EndGlobalSection
	GlobalSection(ProjectConfigurationPlatforms) = postSolution
		{680AFE11-712A-4C75-B38E-DD06388EFCB5}.Debug|Any CPU.ActiveCfg = Debug|Any CPU
		{680AFE11-712A-4C75-B38E-DD06388EFCB5}.Debug|Any CPU.Build.0 = Debug|Any CPU
		{680AFE11-712A-4C75-B38E-DD06388EFCB5}.Release|Any CPU.ActiveCfg = Release|Any CPU
		{680AFE11-712A-4C75-B38E-DD06388EFCB5}.Release|Any CPU.Build.0 = Release|Any CPU
	EndGlobalSection
	GlobalSection(SolutionProperties) = preSolution
		HideSolutionNode = FALSE
	EndGlobalSection
	GlobalSection(ExtensibilityGlobals) = postSolution
		SolutionGuid = {70D08163-E51D-42E8-94AF-317713CFF290}
	EndGlobalSection
EndGlobal
